
Microsoft Visual Studio Solution File, Format Version 12.00
# Visual Studio Version 17
VisualStudioVersion = 17.7.34031.279
MinimumVisualStudioVersion = 10.0.40219.1
Project("{2150E333-8FDC-42A3-9474-1A3956D46DE8}") = "Task-1", "Task-1", "{5DD78E44-3D4F-4522-905D-2125D127B4D5}"
EndProject
Project("{FAE04EC0-301F-11D3-BF4B-00C04F79EFBC}") = "WindowsFormsMyAppFirts", "WindowsFormsMyAppFirts\WindowsFormsMyAppFirts.csproj", "{2976D453-CD0F-44D9-BDB3-8449E9B19EE8}"
EndProject
Project("{2150E333-8FDC-42A3-9474-1A3956D46DE8}") = "Task0", "Task0", "{8BC4AA80-52CD-4AE2-996B-CB0661C13DB7}"
EndProject
Project("{FAE04EC0-301F-11D3-BF4B-00C04F79EFBC}") = "Tyuiu.ZamyatinDY.Sprint6.Task0.Test", "Tyuiu.ZamyatinDY.Sprint6.Task0.Test\Tyuiu.ZamyatinDY.Sprint6.Task0.Test.csproj", "{8EF636B2-16A6-4481-BF90-5A7C96B347D8}"
EndProject
Project("{FAE04EC0-301F-11D3-BF4B-00C04F79EFBC}") = "Tyuiu.ZamyatinDY.Sprint6.Task0.Lib", "Tyuiu.ZamyatinDY.Sprint6.Task0.Lib\Tyuiu.ZamyatinDY.Sprint6.Task0.Lib.csproj", "{4F2C8DD9-328D-4804-9565-02AC71140AAE}"
EndProject
Project("{FAE04EC0-301F-11D3-BF4B-00C04F79EFBC}") = "Tyuiu.ZamyatinDY.Sprint6.Task0", "Tyuiu.ZamyatinDY.Sprint6.Task0\Tyuiu.ZamyatinDY.Sprint6.Task0.csproj", "{2ED7F982-2719-4F28-8BE5-1A67BD99BED2}"
EndProject
Project("{2150E333-8FDC-42A3-9474-1A3956D46DE8}") = "Task1", "Task1", "{3161D8AD-C7CA-4A29-87DD-B4B1F050D81A}"
EndProject
Project("{FAE04EC0-301F-11D3-BF4B-00C04F79EFBC}") = "Tyuiu.ZamyatinDY.Sprint6.Task1.V0.Lib", "Tyuiu.ZamyatinDY.Sprint6.Task1.V0.Lib\Tyuiu.ZamyatinDY.Sprint6.Task1.V0.Lib.csproj", "{13D9F7FB-3FE4-4C7D-94D0-5BFAEDCA28C5}"
EndProject
Project("{FAE04EC0-301F-11D3-BF4B-00C04F79EFBC}") = "Tyuiu.ZamyatinDY.Sprint6.Task1.V0", "Tyuiu.ZamyatinDY.Sprint6.Task1.V0\Tyuiu.ZamyatinDY.Sprint6.Task1.V0.csproj", "{DBF9FED8-0E07-4BEB-9D15-D62CFB5927D0}"
EndProject
Project("{FAE04EC0-301F-11D3-BF4B-00C04F79EFBC}") = "Tyuiu.ZamyatinDY.Sprint6.Task1.V0.Test", "Tyuiu.ZamyatinDY.Sprint6.Task1.V0.Test\Tyuiu.ZamyatinDY.Sprint6.Task1.V0.Test.csproj", "{9B980A82-DC33-48ED-A497-060B01A765B2}"
EndProject
Project("{2150E333-8FDC-42A3-9474-1A3956D46DE8}") = "Task2", "Task2", "{0D46CEE4-FD4E-412B-B50F-36B4F2839329}"
EndProject
Project("{FAE04EC0-301F-11D3-BF4B-00C04F79EFBC}") = "Tyuiu.ZamyatinDY.Sprint6.Task2.V0.Test", "Tyuiu.ZamyatinDY.Sprint6.Task2.V0.Test\Tyuiu.ZamyatinDY.Sprint6.Task2.V0.Test.csproj", "{C582C480-7B1A-4CD5-8B4E-C910163A1411}"
EndProject
Project("{FAE04EC0-301F-11D3-BF4B-00C04F79EFBC}") = "Tyuiu.ZamyatinDY.Sprint6.Task2.V0.Lib", "Tyuiu.ZamyatinDY.Sprint6.Task2.V0.Lib\Tyuiu.ZamyatinDY.Sprint6.Task2.V0.Lib.csproj", "{1D1038E4-5E70-460A-AAFD-9D3D572C170A}"
EndProject
Project("{FAE04EC0-301F-11D3-BF4B-00C04F79EFBC}") = "Tyuiu.ZamyatinDY.Sprint6.Task2.V0", "Tyuiu.ZamyatinDY.Sprint6.Task2.V0\Tyuiu.ZamyatinDY.Sprint6.Task2.V0.csproj", "{A4FE75CE-64AF-49B4-8AEB-1474EC9D5AE5}"
EndProject
Project("{2150E333-8FDC-42A3-9474-1A3956D46DE8}") = "Task3", "Task3", "{D4C5DB3D-66A0-4036-878C-5BDBEDE7FF8B}"
EndProject
Project("{FAE04EC0-301F-11D3-BF4B-00C04F79EFBC}") = "Tyuiu.ZamyatinDY.Sprint6.Task3.V0", "Tyuiu.ZamyatinDY.Sprint6.Task3.V0\Tyuiu.ZamyatinDY.Sprint6.Task3.V0.csproj", "{384D8282-4762-42B8-A081-91DCB6D6D72F}"
EndProject
Project("{FAE04EC0-301F-11D3-BF4B-00C04F79EFBC}") = "Tyuiu.ZamyatinDY.Sprint6.Task3.V0.Lib", "Tyuiu.ZamyatinDY.Sprint6.Task3.V0.Lib\Tyuiu.ZamyatinDY.Sprint6.Task3.V0.Lib.csproj", "{C08A7866-36F5-4F45-94C1-E653F042A28A}"
EndProject
Project("{FAE04EC0-301F-11D3-BF4B-00C04F79EFBC}") = "Tyuiu.ZamyatinDY.Sprint6.Task3.V0.Test", "Tyuiu.ZamyatinDY.Sprint6.Task3.V0.Test\Tyuiu.ZamyatinDY.Sprint6.Task3.V0.Test.csproj", "{DE2FD4A2-0828-4382-8192-DAFFFFDF34D7}"
EndProject
Project("{2150E333-8FDC-42A3-9474-1A3956D46DE8}") = "Task5", "Task5", "{365DF794-8A9F-4B8C-94D1-2294C4B78037}"
EndProject
Project("{FAE04EC0-301F-11D3-BF4B-00C04F79EFBC}") = "Tyuiu.ZamyatinDY.Sprint6.Task6.V0.Test", "Tyuiu.ZamyatinDY.Sprint6.Task6.V0.Test\Tyuiu.ZamyatinDY.Sprint6.Task6.V0.Test.csproj", "{531DA0DC-E1C8-4998-8E6F-2F0A699011A1}"
EndProject
Project("{FAE04EC0-301F-11D3-BF4B-00C04F79EFBC}") = "Tyuiu.ZamyatinDY.Sprint6.Task6.V0.Lib", "Tyuiu.ZamyatinDY.Sprint6.Task6.V0.Lib\Tyuiu.ZamyatinDY.Sprint6.Task6.V0.Lib.csproj", "{56A895FB-7F06-417C-AE1F-380DDECFF2EA}"
EndProject
Project("{FAE04EC0-301F-11D3-BF4B-00C04F79EFBC}") = "Tyuiu.ZamyatinDY.Sprint6.Task6.V0", "Tyuiu.ZamyatinDY.Sprint6.Task6.V0\Tyuiu.ZamyatinDY.Sprint6.Task6.V0.csproj", "{21541512-3865-4322-B2CB-0EA08BF5035C}"
EndProject
Global
	GlobalSection(SolutionConfigurationPlatforms) = preSolution
		Debug|Any CPU = Debug|Any CPU
		Release|Any CPU = Release|Any CPU
	EndGlobalSection
	GlobalSection(ProjectConfigurationPlatforms) = postSolution
		{2976D453-CD0F-44D9-BDB3-8449E9B19EE8}.Debug|Any CPU.ActiveCfg = Debug|Any CPU
		{2976D453-CD0F-44D9-BDB3-8449E9B19EE8}.Debug|Any CPU.Build.0 = Debug|Any CPU
		{2976D453-CD0F-44D9-BDB3-8449E9B19EE8}.Release|Any CPU.ActiveCfg = Release|Any CPU
		{2976D453-CD0F-44D9-BDB3-8449E9B19EE8}.Release|Any CPU.Build.0 = Release|Any CPU
		{8EF636B2-16A6-4481-BF90-5A7C96B347D8}.Debug|Any CPU.ActiveCfg = Debug|Any CPU
		{8EF636B2-16A6-4481-BF90-5A7C96B347D8}.Debug|Any CPU.Build.0 = Debug|Any CPU
		{8EF636B2-16A6-4481-BF90-5A7C96B347D8}.Release|Any CPU.ActiveCfg = Release|Any CPU
		{8EF636B2-16A6-4481-BF90-5A7C96B347D8}.Release|Any CPU.Build.0 = Release|Any CPU
		{4F2C8DD9-328D-4804-9565-02AC71140AAE}.Debug|Any CPU.ActiveCfg = Debug|Any CPU
		{4F2C8DD9-328D-4804-9565-02AC71140AAE}.Debug|Any CPU.Build.0 = Debug|Any CPU
		{4F2C8DD9-328D-4804-9565-02AC71140AAE}.Release|Any CPU.ActiveCfg = Release|Any CPU
		{4F2C8DD9-328D-4804-9565-02AC71140AAE}.Release|Any CPU.Build.0 = Release|Any CPU
		{2ED7F982-2719-4F28-8BE5-1A67BD99BED2}.Debug|Any CPU.ActiveCfg = Debug|Any CPU
		{2ED7F982-2719-4F28-8BE5-1A67BD99BED2}.Debug|Any CPU.Build.0 = Debug|Any CPU
		{2ED7F982-2719-4F28-8BE5-1A67BD99BED2}.Release|Any CPU.ActiveCfg = Release|Any CPU
		{2ED7F982-2719-4F28-8BE5-1A67BD99BED2}.Release|Any CPU.Build.0 = Release|Any CPU
		{13D9F7FB-3FE4-4C7D-94D0-5BFAEDCA28C5}.Debug|Any CPU.ActiveCfg = Debug|Any CPU
		{13D9F7FB-3FE4-4C7D-94D0-5BFAEDCA28C5}.Debug|Any CPU.Build.0 = Debug|Any CPU
		{13D9F7FB-3FE4-4C7D-94D0-5BFAEDCA28C5}.Release|Any CPU.ActiveCfg = Release|Any CPU
		{13D9F7FB-3FE4-4C7D-94D0-5BFAEDCA28C5}.Release|Any CPU.Build.0 = Release|Any CPU
		{DBF9FED8-0E07-4BEB-9D15-D62CFB5927D0}.Debug|Any CPU.ActiveCfg = Debug|Any CPU
		{DBF9FED8-0E07-4BEB-9D15-D62CFB5927D0}.Debug|Any CPU.Build.0 = Debug|Any CPU
		{DBF9FED8-0E07-4BEB-9D15-D62CFB5927D0}.Release|Any CPU.ActiveCfg = Release|Any CPU
		{DBF9FED8-0E07-4BEB-9D15-D62CFB5927D0}.Release|Any CPU.Build.0 = Release|Any CPU
		{9B980A82-DC33-48ED-A497-060B01A765B2}.Debug|Any CPU.ActiveCfg = Debug|Any CPU
		{9B980A82-DC33-48ED-A497-060B01A765B2}.Debug|Any CPU.Build.0 = Debug|Any CPU
		{9B980A82-DC33-48ED-A497-060B01A765B2}.Release|Any CPU.ActiveCfg = Release|Any CPU
		{9B980A82-DC33-48ED-A497-060B01A765B2}.Release|Any CPU.Build.0 = Release|Any CPU
		{C582C480-7B1A-4CD5-8B4E-C910163A1411}.Debug|Any CPU.ActiveCfg = Debug|Any CPU
		{C582C480-7B1A-4CD5-8B4E-C910163A1411}.Debug|Any CPU.Build.0 = Debug|Any CPU
		{C582C480-7B1A-4CD5-8B4E-C910163A1411}.Release|Any CPU.ActiveCfg = Release|Any CPU
		{C582C480-7B1A-4CD5-8B4E-C910163A1411}.Release|Any CPU.Build.0 = Release|Any CPU
		{1D1038E4-5E70-460A-AAFD-9D3D572C170A}.Debug|Any CPU.ActiveCfg = Debug|Any CPU
		{1D1038E4-5E70-460A-AAFD-9D3D572C170A}.Debug|Any CPU.Build.0 = Debug|Any CPU
		{1D1038E4-5E70-460A-AAFD-9D3D572C170A}.Release|Any CPU.ActiveCfg = Release|Any CPU
		{1D1038E4-5E70-460A-AAFD-9D3D572C170A}.Release|Any CPU.Build.0 = Release|Any CPU
		{A4FE75CE-64AF-49B4-8AEB-1474EC9D5AE5}.Debug|Any CPU.ActiveCfg = Debug|Any CPU
		{A4FE75CE-64AF-49B4-8AEB-1474EC9D5AE5}.Debug|Any CPU.Build.0 = Debug|Any CPU
		{A4FE75CE-64AF-49B4-8AEB-1474EC9D5AE5}.Release|Any CPU.ActiveCfg = Release|Any CPU
		{A4FE75CE-64AF-49B4-8AEB-1474EC9D5AE5}.Release|Any CPU.Build.0 = Release|Any CPU
		{384D8282-4762-42B8-A081-91DCB6D6D72F}.Debug|Any CPU.ActiveCfg = Debug|Any CPU
		{384D8282-4762-42B8-A081-91DCB6D6D72F}.Debug|Any CPU.Build.0 = Debug|Any CPU
		{384D8282-4762-42B8-A081-91DCB6D6D72F}.Release|Any CPU.ActiveCfg = Release|Any CPU
		{384D8282-4762-42B8-A081-91DCB6D6D72F}.Release|Any CPU.Build.0 = Release|Any CPU
		{C08A7866-36F5-4F45-94C1-E653F042A28A}.Debug|Any CPU.ActiveCfg = Debug|Any CPU
		{C08A7866-36F5-4F45-94C1-E653F042A28A}.Debug|Any CPU.Build.0 = Debug|Any CPU
		{C08A7866-36F5-4F45-94C1-E653F042A28A}.Release|Any CPU.ActiveCfg = Release|Any CPU
		{C08A7866-36F5-4F45-94C1-E653F042A28A}.Release|Any CPU.Build.0 = Release|Any CPU
		{DE2FD4A2-0828-4382-8192-DAFFFFDF34D7}.Debug|Any CPU.ActiveCfg = Debug|Any CPU
		{DE2FD4A2-0828-4382-8192-DAFFFFDF34D7}.Debug|Any CPU.Build.0 = Debug|Any CPU
		{DE2FD4A2-0828-4382-8192-DAFFFFDF34D7}.Release|Any CPU.ActiveCfg = Release|Any CPU
		{DE2FD4A2-0828-4382-8192-DAFFFFDF34D7}.Release|Any CPU.Build.0 = Release|Any CPU
		{531DA0DC-E1C8-4998-8E6F-2F0A699011A1}.Debug|Any CPU.ActiveCfg = Debug|Any CPU
		{531DA0DC-E1C8-4998-8E6F-2F0A699011A1}.Debug|Any CPU.Build.0 = Debug|Any CPU
		{531DA0DC-E1C8-4998-8E6F-2F0A699011A1}.Release|Any CPU.ActiveCfg = Release|Any CPU
		{531DA0DC-E1C8-4998-8E6F-2F0A699011A1}.Release|Any CPU.Build.0 = Release|Any CPU
		{56A895FB-7F06-417C-AE1F-380DDECFF2EA}.Debug|Any CPU.ActiveCfg = Debug|Any CPU
		{56A895FB-7F06-417C-AE1F-380DDECFF2EA}.Debug|Any CPU.Build.0 = Debug|Any CPU
		{56A895FB-7F06-417C-AE1F-380DDECFF2EA}.Release|Any CPU.ActiveCfg = Release|Any CPU
		{56A895FB-7F06-417C-AE1F-380DDECFF2EA}.Release|Any CPU.Build.0 = Release|Any CPU
		{21541512-3865-4322-B2CB-0EA08BF5035C}.Debug|Any CPU.ActiveCfg = Debug|Any CPU
		{21541512-3865-4322-B2CB-0EA08BF5035C}.Debug|Any CPU.Build.0 = Debug|Any CPU
		{21541512-3865-4322-B2CB-0EA08BF5035C}.Release|Any CPU.ActiveCfg = Release|Any CPU
		{21541512-3865-4322-B2CB-0EA08BF5035C}.Release|Any CPU.Build.0 = Release|Any CPU
	EndGlobalSection
	GlobalSection(SolutionProperties) = preSolution
		HideSolutionNode = FALSE
	EndGlobalSection
	GlobalSection(NestedProjects) = preSolution
		{2976D453-CD0F-44D9-BDB3-8449E9B19EE8} = {5DD78E44-3D4F-4522-905D-2125D127B4D5}
		{8EF636B2-16A6-4481-BF90-5A7C96B347D8} = {8BC4AA80-52CD-4AE2-996B-CB0661C13DB7}
		{4F2C8DD9-328D-4804-9565-02AC71140AAE} = {8BC4AA80-52CD-4AE2-996B-CB0661C13DB7}
		{2ED7F982-2719-4F28-8BE5-1A67BD99BED2} = {8BC4AA80-52CD-4AE2-996B-CB0661C13DB7}
		{13D9F7FB-3FE4-4C7D-94D0-5BFAEDCA28C5} = {3161D8AD-C7CA-4A29-87DD-B4B1F050D81A}
		{DBF9FED8-0E07-4BEB-9D15-D62CFB5927D0} = {3161D8AD-C7CA-4A29-87DD-B4B1F050D81A}
		{9B980A82-DC33-48ED-A497-060B01A765B2} = {3161D8AD-C7CA-4A29-87DD-B4B1F050D81A}
		{C582C480-7B1A-4CD5-8B4E-C910163A1411} = {0D46CEE4-FD4E-412B-B50F-36B4F2839329}
		{1D1038E4-5E70-460A-AAFD-9D3D572C170A} = {0D46CEE4-FD4E-412B-B50F-36B4F2839329}
		{A4FE75CE-64AF-49B4-8AEB-1474EC9D5AE5} = {0D46CEE4-FD4E-412B-B50F-36B4F2839329}
		{384D8282-4762-42B8-A081-91DCB6D6D72F} = {D4C5DB3D-66A0-4036-878C-5BDBEDE7FF8B}
		{C08A7866-36F5-4F45-94C1-E653F042A28A} = {D4C5DB3D-66A0-4036-878C-5BDBEDE7FF8B}
		{DE2FD4A2-0828-4382-8192-DAFFFFDF34D7} = {D4C5DB3D-66A0-4036-878C-5BDBEDE7FF8B}
		{531DA0DC-E1C8-4998-8E6F-2F0A699011A1} = {365DF794-8A9F-4B8C-94D1-2294C4B78037}
		{56A895FB-7F06-417C-AE1F-380DDECFF2EA} = {365DF794-8A9F-4B8C-94D1-2294C4B78037}
		{21541512-3865-4322-B2CB-0EA08BF5035C} = {365DF794-8A9F-4B8C-94D1-2294C4B78037}
	EndGlobalSection
	GlobalSection(ExtensibilityGlobals) = postSolution
		SolutionGuid = {C8FC7ABC-B0D3-4ECF-9B4F-31D056AE547F}
	EndGlobalSection
EndGlobal
